// !$*UTF8*$!
{
	archiveVersion = 1;
	classes = {
	};
	objectVersion = 56;
	objects = {

/* Begin PBXBuildFile section */
		9C29076B2B8722C4000C33F8 /* SpeedTest.swift in Sources */ = {isa = PBXBuildFile; fileRef = 9C29076A2B8722C4000C33F8 /* SpeedTest.swift */; };
		9C29076D2B872306000C33F8 /* NetworkManager.swift in Sources */ = {isa = PBXBuildFile; fileRef = 9C29076C2B872306000C33F8 /* NetworkManager.swift */; };
		9C5F04762B86706200FCAC45 /* White_DragonApp.swift in Sources */ = {isa = PBXBuildFile; fileRef = 9C5F04752B86706200FCAC45 /* White_DragonApp.swift */; };
		9C5F04782B86706200FCAC45 /* ContentView.swift in Sources */ = {isa = PBXBuildFile; fileRef = 9C5F04772B86706200FCAC45 /* ContentView.swift */; };
		9C5F047A2B86706400FCAC45 /* Assets.xcassets in Resources */ = {isa = PBXBuildFile; fileRef = 9C5F04792B86706400FCAC45 /* Assets.xcassets */; };
		9C5F047E2B86706400FCAC45 /* Preview Assets.xcassets in Resources */ = {isa = PBXBuildFile; fileRef = 9C5F047D2B86706400FCAC45 /* Preview Assets.xcassets */; };
		9C5F04882B86706400FCAC45 /* White_DragonTests.swift in Sources */ = {isa = PBXBuildFile; fileRef = 9C5F04872B86706400FCAC45 /* White_DragonTests.swift */; };
		9C5F04922B86706400FCAC45 /* White_DragonUITests.swift in Sources */ = {isa = PBXBuildFile; fileRef = 9C5F04912B86706400FCAC45 /* White_DragonUITests.swift */; };
		9C5F04942B86706400FCAC45 /* White_DragonUITestsLaunchTests.swift in Sources */ = {isa = PBXBuildFile; fileRef = 9C5F04932B86706400FCAC45 /* White_DragonUITestsLaunchTests.swift */; };
		9C68236F2B8717B100CA8445 /* FilterDataProvider.swift in Sources */ = {isa = PBXBuildFile; fileRef = 9C68236E2B8717B100CA8445 /* FilterDataProvider.swift */; };
		9C6823742B8717B100CA8445 /* speedtest.appex in Embed Foundation Extensions */ = {isa = PBXBuildFile; fileRef = 9C6823692B8717B000CA8445 /* speedtest.appex */; settings = {ATTRIBUTES = (RemoveHeadersOnCopy, ); }; };
		9C6823792B87190F00CA8445 /* NetworkExtension.framework in Frameworks */ = {isa = PBXBuildFile; fileRef = 9C68236B2B8717B100CA8445 /* NetworkExtension.framework */; };
		9C68237A2B87190F00CA8445 /* NetworkExtension.framework in Embed Frameworks */ = {isa = PBXBuildFile; fileRef = 9C68236B2B8717B100CA8445 /* NetworkExtension.framework */; settings = {ATTRIBUTES = (CodeSignOnCopy, RemoveHeadersOnCopy, ); }; };
/* End PBXBuildFile section */

/* Begin PBXContainerItemProxy section */
		9C5F04842B86706400FCAC45 /* PBXContainerItemProxy */ = {
			isa = PBXContainerItemProxy;
			containerPortal = 9C5F046A2B86706200FCAC45 /* Project object */;
			proxyType = 1;
			remoteGlobalIDString = 9C5F04712B86706200FCAC45;
			remoteInfo = "White Dragon";
		};
		9C5F048E2B86706400FCAC45 /* PBXContainerItemProxy */ = {
			isa = PBXContainerItemProxy;
			containerPortal = 9C5F046A2B86706200FCAC45 /* Project object */;
			proxyType = 1;
			remoteGlobalIDString = 9C5F04712B86706200FCAC45;
			remoteInfo = "White Dragon";
		};
		9C6823722B8717B100CA8445 /* PBXContainerItemProxy */ = {
			isa = PBXContainerItemProxy;
			containerPortal = 9C5F046A2B86706200FCAC45 /* Project object */;
			proxyType = 1;
			remoteGlobalIDString = 9C6823682B8717B000CA8445;
			remoteInfo = speedtest;
		};
/* End PBXContainerItemProxy section */

/* Begin PBXCopyFilesBuildPhase section */
		9C6823752B8717B100CA8445 /* Embed Foundation Extensions */ = {
			isa = PBXCopyFilesBuildPhase;
			buildActionMask = 2147483647;
			dstPath = "";
			dstSubfolderSpec = 13;
			files = (
				9C6823742B8717B100CA8445 /* speedtest.appex in Embed Foundation Extensions */,
			);
			name = "Embed Foundation Extensions";
			runOnlyForDeploymentPostprocessing = 0;
		};
		9C68237B2B87190F00CA8445 /* Embed Frameworks */ = {
			isa = PBXCopyFilesBuildPhase;
			buildActionMask = 2147483647;
			dstPath = "";
			dstSubfolderSpec = 10;
			files = (
				9C68237A2B87190F00CA8445 /* NetworkExtension.framework in Embed Frameworks */,
			);
			name = "Embed Frameworks";
			runOnlyForDeploymentPostprocessing = 0;
		};
/* End PBXCopyFilesBuildPhase section */

/* Begin PBXFileReference section */
		9C1EE0A92B86E9EB00144EC5 /* White-Dragon-Info.plist */ = {isa = PBXFileReference; lastKnownFileType = text.plist; path = "White-Dragon-Info.plist"; sourceTree = SOURCE_ROOT; };
		9C29076A2B8722C4000C33F8 /* SpeedTest.swift */ = {isa = PBXFileReference; lastKnownFileType = sourcecode.swift; path = SpeedTest.swift; sourceTree = "<group>"; };
		9C29076C2B872306000C33F8 /* NetworkManager.swift */ = {isa = PBXFileReference; lastKnownFileType = sourcecode.swift; path = NetworkManager.swift; sourceTree = "<group>"; };
		9C5F04722B86706200FCAC45 /* White Dragon.app */ = {isa = PBXFileReference; explicitFileType = wrapper.application; includeInIndex = 0; path = "White Dragon.app"; sourceTree = BUILT_PRODUCTS_DIR; };
		9C5F04752B86706200FCAC45 /* White_DragonApp.swift */ = {isa = PBXFileReference; lastKnownFileType = sourcecode.swift; path = White_DragonApp.swift; sourceTree = "<group>"; };
		9C5F04772B86706200FCAC45 /* ContentView.swift */ = {isa = PBXFileReference; lastKnownFileType = sourcecode.swift; path = ContentView.swift; sourceTree = "<group>"; };
		9C5F04792B86706400FCAC45 /* Assets.xcassets */ = {isa = PBXFileReference; lastKnownFileType = folder.assetcatalog; path = Assets.xcassets; sourceTree = "<group>"; };
		9C5F047B2B86706400FCAC45 /* White_Dragon.entitlements */ = {isa = PBXFileReference; lastKnownFileType = text.plist.entitlements; path = White_Dragon.entitlements; sourceTree = "<group>"; };
		9C5F047D2B86706400FCAC45 /* Preview Assets.xcassets */ = {isa = PBXFileReference; lastKnownFileType = folder.assetcatalog; path = "Preview Assets.xcassets"; sourceTree = "<group>"; };
		9C5F04832B86706400FCAC45 /* White DragonTests.xctest */ = {isa = PBXFileReference; explicitFileType = wrapper.cfbundle; includeInIndex = 0; path = "White DragonTests.xctest"; sourceTree = BUILT_PRODUCTS_DIR; };
		9C5F04872B86706400FCAC45 /* White_DragonTests.swift */ = {isa = PBXFileReference; lastKnownFileType = sourcecode.swift; path = White_DragonTests.swift; sourceTree = "<group>"; };
		9C5F048D2B86706400FCAC45 /* White DragonUITests.xctest */ = {isa = PBXFileReference; explicitFileType = wrapper.cfbundle; includeInIndex = 0; path = "White DragonUITests.xctest"; sourceTree = BUILT_PRODUCTS_DIR; };
		9C5F04912B86706400FCAC45 /* White_DragonUITests.swift */ = {isa = PBXFileReference; lastKnownFileType = sourcecode.swift; path = White_DragonUITests.swift; sourceTree = "<group>"; };
		9C5F04932B86706400FCAC45 /* White_DragonUITestsLaunchTests.swift */ = {isa = PBXFileReference; lastKnownFileType = sourcecode.swift; path = White_DragonUITestsLaunchTests.swift; sourceTree = "<group>"; };
		9C6823692B8717B000CA8445 /* speedtest.appex */ = {isa = PBXFileReference; explicitFileType = "wrapper.app-extension"; includeInIndex = 0; path = speedtest.appex; sourceTree = BUILT_PRODUCTS_DIR; };
		9C68236B2B8717B100CA8445 /* NetworkExtension.framework */ = {isa = PBXFileReference; lastKnownFileType = wrapper.framework; name = NetworkExtension.framework; path = System/Library/Frameworks/NetworkExtension.framework; sourceTree = SDKROOT; };
		9C68236E2B8717B100CA8445 /* FilterDataProvider.swift */ = {isa = PBXFileReference; lastKnownFileType = sourcecode.swift; path = FilterDataProvider.swift; sourceTree = "<group>"; };
		9C6823702B8717B100CA8445 /* Info.plist */ = {isa = PBXFileReference; lastKnownFileType = text.plist.xml; path = Info.plist; sourceTree = "<group>"; };
		9C6823712B8717B100CA8445 /* speedtest.entitlements */ = {isa = PBXFileReference; lastKnownFileType = text.plist.entitlements; path = speedtest.entitlements; sourceTree = "<group>"; };
/* End PBXFileReference section */

/* Begin PBXFrameworksBuildPhase section */
		9C5F046F2B86706200FCAC45 /* Frameworks */ = {
			isa = PBXFrameworksBuildPhase;
			buildActionMask = 2147483647;
			files = (
			);
			runOnlyForDeploymentPostprocessing = 0;
		};
		9C5F04802B86706400FCAC45 /* Frameworks */ = {
			isa = PBXFrameworksBuildPhase;
			buildActionMask = 2147483647;
			files = (
			);
			runOnlyForDeploymentPostprocessing = 0;
		};
		9C5F048A2B86706400FCAC45 /* Frameworks */ = {
			isa = PBXFrameworksBuildPhase;
			buildActionMask = 2147483647;
			files = (
			);
			runOnlyForDeploymentPostprocessing = 0;
		};
		9C6823662B8717B000CA8445 /* Frameworks */ = {
			isa = PBXFrameworksBuildPhase;
			buildActionMask = 2147483647;
			files = (
				9C6823792B87190F00CA8445 /* NetworkExtension.framework in Frameworks */,
			);
			runOnlyForDeploymentPostprocessing = 0;
		};
/* End PBXFrameworksBuildPhase section */

/* Begin PBXGroup section */
		9C5F04692B86706200FCAC45 = {
			isa = PBXGroup;
			children = (
				9C29076C2B872306000C33F8 /* NetworkManager.swift */,
				9C29076A2B8722C4000C33F8 /* SpeedTest.swift */,
				9C5F04742B86706200FCAC45 /* White Dragon */,
				9C5F04862B86706400FCAC45 /* White DragonTests */,
				9C5F04902B86706400FCAC45 /* White DragonUITests */,
				9C68236D2B8717B100CA8445 /* speedtest */,
				9C68236A2B8717B100CA8445 /* Frameworks */,
				9C5F04732B86706200FCAC45 /* Products */,
			);
			sourceTree = "<group>";
		};
		9C5F04732B86706200FCAC45 /* Products */ = {
			isa = PBXGroup;
			children = (
				9C5F04722B86706200FCAC45 /* White Dragon.app */,
				9C5F04832B86706400FCAC45 /* White DragonTests.xctest */,
				9C5F048D2B86706400FCAC45 /* White DragonUITests.xctest */,
				9C6823692B8717B000CA8445 /* speedtest.appex */,
			);
			name = Products;
			sourceTree = "<group>";
		};
		9C5F04742B86706200FCAC45 /* White Dragon */ = {
			isa = PBXGroup;
			children = (
				9C1EE0A92B86E9EB00144EC5 /* White-Dragon-Info.plist */,
				9C5F04752B86706200FCAC45 /* White_DragonApp.swift */,
				9C5F04772B86706200FCAC45 /* ContentView.swift */,
				9C5F04792B86706400FCAC45 /* Assets.xcassets */,
				9C5F047B2B86706400FCAC45 /* White_Dragon.entitlements */,
				9C5F047C2B86706400FCAC45 /* Preview Content */,
			);
			path = "White Dragon";
			sourceTree = "<group>";
		};
		9C5F047C2B86706400FCAC45 /* Preview Content */ = {
			isa = PBXGroup;
			children = (
				9C5F047D2B86706400FCAC45 /* Preview Assets.xcassets */,
			);
			path = "Preview Content";
			sourceTree = "<group>";
		};
		9C5F04862B86706400FCAC45 /* White DragonTests */ = {
			isa = PBXGroup;
			children = (
				9C5F04872B86706400FCAC45 /* White_DragonTests.swift */,
			);
			path = "White DragonTests";
			sourceTree = "<group>";
		};
		9C5F04902B86706400FCAC45 /* White DragonUITests */ = {
			isa = PBXGroup;
			children = (
				9C5F04912B86706400FCAC45 /* White_DragonUITests.swift */,
				9C5F04932B86706400FCAC45 /* White_DragonUITestsLaunchTests.swift */,
			);
			path = "White DragonUITests";
			sourceTree = "<group>";
		};
		9C68236A2B8717B100CA8445 /* Frameworks */ = {
			isa = PBXGroup;
			children = (
				9C68236B2B8717B100CA8445 /* NetworkExtension.framework */,
			);
			name = Frameworks;
			sourceTree = "<group>";
		};
		9C68236D2B8717B100CA8445 /* speedtest */ = {
			isa = PBXGroup;
			children = (
				9C68236E2B8717B100CA8445 /* FilterDataProvider.swift */,
				9C6823702B8717B100CA8445 /* Info.plist */,
				9C6823712B8717B100CA8445 /* speedtest.entitlements */,
			);
			path = speedtest;
			sourceTree = "<group>";
		};
/* End PBXGroup section */

/* Begin PBXNativeTarget section */
		9C5F04712B86706200FCAC45 /* White Dragon */ = {
			isa = PBXNativeTarget;
			buildConfigurationList = 9C5F04972B86706400FCAC45 /* Build configuration list for PBXNativeTarget "White Dragon" */;
			buildPhases = (
				9C5F046E2B86706200FCAC45 /* Sources */,
				9C5F046F2B86706200FCAC45 /* Frameworks */,
				9C5F04702B86706200FCAC45 /* Resources */,
				9C6823752B8717B100CA8445 /* Embed Foundation Extensions */,
			);
			buildRules = (
			);
			dependencies = (
				9C6823732B8717B100CA8445 /* PBXTargetDependency */,
			);
			name = "White Dragon";
			productName = "White Dragon";
			productReference = 9C5F04722B86706200FCAC45 /* White Dragon.app */;
			productType = "com.apple.product-type.application";
		};
		9C5F04822B86706400FCAC45 /* White DragonTests */ = {
			isa = PBXNativeTarget;
			buildConfigurationList = 9C5F049A2B86706400FCAC45 /* Build configuration list for PBXNativeTarget "White DragonTests" */;
			buildPhases = (
				9C5F047F2B86706400FCAC45 /* Sources */,
				9C5F04802B86706400FCAC45 /* Frameworks */,
				9C5F04812B86706400FCAC45 /* Resources */,
			);
			buildRules = (
			);
			dependencies = (
				9C5F04852B86706400FCAC45 /* PBXTargetDependency */,
			);
			name = "White DragonTests";
			productName = "White DragonTests";
			productReference = 9C5F04832B86706400FCAC45 /* White DragonTests.xctest */;
			productType = "com.apple.product-type.bundle.unit-test";
		};
		9C5F048C2B86706400FCAC45 /* White DragonUITests */ = {
			isa = PBXNativeTarget;
			buildConfigurationList = 9C5F049D2B86706400FCAC45 /* Build configuration list for PBXNativeTarget "White DragonUITests" */;
			buildPhases = (
				9C5F04892B86706400FCAC45 /* Sources */,
				9C5F048A2B86706400FCAC45 /* Frameworks */,
				9C5F048B2B86706400FCAC45 /* Resources */,
			);
			buildRules = (
			);
			dependencies = (
				9C5F048F2B86706400FCAC45 /* PBXTargetDependency */,
			);
			name = "White DragonUITests";
			productName = "White DragonUITests";
			productReference = 9C5F048D2B86706400FCAC45 /* White DragonUITests.xctest */;
			productType = "com.apple.product-type.bundle.ui-testing";
		};
		9C6823682B8717B000CA8445 /* speedtest */ = {
			isa = PBXNativeTarget;
			buildConfigurationList = 9C6823782B8717B100CA8445 /* Build configuration list for PBXNativeTarget "speedtest" */;
			buildPhases = (
				9C6823652B8717B000CA8445 /* Sources */,
				9C6823662B8717B000CA8445 /* Frameworks */,
				9C6823672B8717B000CA8445 /* Resources */,
				9C68237B2B87190F00CA8445 /* Embed Frameworks */,
			);
			buildRules = (
			);
			dependencies = (
			);
			name = speedtest;
			productName = speedtest;
			productReference = 9C6823692B8717B000CA8445 /* speedtest.appex */;
			productType = "com.apple.product-type.app-extension";
		};
/* End PBXNativeTarget section */

/* Begin PBXProject section */
		9C5F046A2B86706200FCAC45 /* Project object */ = {
			isa = PBXProject;
			attributes = {
				BuildIndependentTargetsInParallel = 1;
				LastSwiftUpdateCheck = 1520;
				LastUpgradeCheck = 1520;
				TargetAttributes = {
					9C5F04712B86706200FCAC45 = {
						CreatedOnToolsVersion = 15.2;
					};
					9C5F04822B86706400FCAC45 = {
						CreatedOnToolsVersion = 15.2;
						TestTargetID = 9C5F04712B86706200FCAC45;
					};
					9C5F048C2B86706400FCAC45 = {
						CreatedOnToolsVersion = 15.2;
						TestTargetID = 9C5F04712B86706200FCAC45;
					};
					9C6823682B8717B000CA8445 = {
						CreatedOnToolsVersion = 15.2;
					};
				};
			};
			buildConfigurationList = 9C5F046D2B86706200FCAC45 /* Build configuration list for PBXProject "White Dragon" */;
			compatibilityVersion = "Xcode 14.0";
			developmentRegion = en;
			hasScannedForEncodings = 0;
			knownRegions = (
				en,
				Base,
			);
			mainGroup = 9C5F04692B86706200FCAC45;
			productRefGroup = 9C5F04732B86706200FCAC45 /* Products */;
			projectDirPath = "";
			projectRoot = "";
			targets = (
				9C5F04712B86706200FCAC45 /* White Dragon */,
				9C5F04822B86706400FCAC45 /* White DragonTests */,
				9C5F048C2B86706400FCAC45 /* White DragonUITests */,
				9C6823682B8717B000CA8445 /* speedtest */,
			);
		};
/* End PBXProject section */

/* Begin PBXResourcesBuildPhase section */
		9C5F04702B86706200FCAC45 /* Resources */ = {
			isa = PBXResourcesBuildPhase;
			buildActionMask = 2147483647;
			files = (
				9C5F047E2B86706400FCAC45 /* Preview Assets.xcassets in Resources */,
				9C5F047A2B86706400FCAC45 /* Assets.xcassets in Resources */,
			);
			runOnlyForDeploymentPostprocessing = 0;
		};
		9C5F04812B86706400FCAC45 /* Resources */ = {
			isa = PBXResourcesBuildPhase;
			buildActionMask = 2147483647;
			files = (
			);
			runOnlyForDeploymentPostprocessing = 0;
		};
		9C5F048B2B86706400FCAC45 /* Resources */ = {
			isa = PBXResourcesBuildPhase;
			buildActionMask = 2147483647;
			files = (
			);
			runOnlyForDeploymentPostprocessing = 0;
		};
		9C6823672B8717B000CA8445 /* Resources */ = {
			isa = PBXResourcesBuildPhase;
			buildActionMask = 2147483647;
			files = (
			);
			runOnlyForDeploymentPostprocessing = 0;
		};
/* End PBXResourcesBuildPhase section */

/* Begin PBXSourcesBuildPhase section */
		9C5F046E2B86706200FCAC45 /* Sources */ = {
			isa = PBXSourcesBuildPhase;
			buildActionMask = 2147483647;
			files = (
				9C29076D2B872306000C33F8 /* NetworkManager.swift in Sources */,
				9C5F04782B86706200FCAC45 /* ContentView.swift in Sources */,
				9C5F04762B86706200FCAC45 /* White_DragonApp.swift in Sources */,
				9C29076B2B8722C4000C33F8 /* SpeedTest.swift in Sources */,
			);
			runOnlyForDeploymentPostprocessing = 0;
		};
		9C5F047F2B86706400FCAC45 /* Sources */ = {
			isa = PBXSourcesBuildPhase;
			buildActionMask = 2147483647;
			files = (
				9C5F04882B86706400FCAC45 /* White_DragonTests.swift in Sources */,
			);
			runOnlyForDeploymentPostprocessing = 0;
		};
		9C5F04892B86706400FCAC45 /* Sources */ = {
			isa = PBXSourcesBuildPhase;
			buildActionMask = 2147483647;
			files = (
				9C5F04922B86706400FCAC45 /* White_DragonUITests.swift in Sources */,
				9C5F04942B86706400FCAC45 /* White_DragonUITestsLaunchTests.swift in Sources */,
			);
			runOnlyForDeploymentPostprocessing = 0;
		};
		9C6823652B8717B000CA8445 /* Sources */ = {
			isa = PBXSourcesBuildPhase;
			buildActionMask = 2147483647;
			files = (
				9C68236F2B8717B100CA8445 /* FilterDataProvider.swift in Sources */,
			);
			runOnlyForDeploymentPostprocessing = 0;
		};
/* End PBXSourcesBuildPhase section */

/* Begin PBXTargetDependency section */
		9C5F04852B86706400FCAC45 /* PBXTargetDependency */ = {
			isa = PBXTargetDependency;
			target = 9C5F04712B86706200FCAC45 /* White Dragon */;
			targetProxy = 9C5F04842B86706400FCAC45 /* PBXContainerItemProxy */;
		};
		9C5F048F2B86706400FCAC45 /* PBXTargetDependency */ = {
			isa = PBXTargetDependency;
			target = 9C5F04712B86706200FCAC45 /* White Dragon */;
			targetProxy = 9C5F048E2B86706400FCAC45 /* PBXContainerItemProxy */;
		};
		9C6823732B8717B100CA8445 /* PBXTargetDependency */ = {
			isa = PBXTargetDependency;
			target = 9C6823682B8717B000CA8445 /* speedtest */;
			targetProxy = 9C6823722B8717B100CA8445 /* PBXContainerItemProxy */;
		};
/* End PBXTargetDependency section */

/* Begin XCBuildConfiguration section */
		9C5F04952B86706400FCAC45 /* Debug */ = {
			isa = XCBuildConfiguration;
			buildSettings = {
				ALWAYS_SEARCH_USER_PATHS = NO;
				ASSETCATALOG_COMPILER_GENERATE_SWIFT_ASSET_SYMBOL_EXTENSIONS = YES;
				CLANG_ANALYZER_NONNULL = YES;
				CLANG_ANALYZER_NUMBER_OBJECT_CONVERSION = YES_AGGRESSIVE;
				CLANG_CXX_LANGUAGE_STANDARD = "gnu++20";
				CLANG_ENABLE_MODULES = YES;
				CLANG_ENABLE_OBJC_ARC = YES;
				CLANG_ENABLE_OBJC_WEAK = YES;
				CLANG_WARN_BLOCK_CAPTURE_AUTORELEASING = YES;
				CLANG_WARN_BOOL_CONVERSION = YES;
				CLANG_WARN_COMMA = YES;
				CLANG_WARN_CONSTANT_CONVERSION = YES;
				CLANG_WARN_DEPRECATED_OBJC_IMPLEMENTATIONS = YES;
				CLANG_WARN_DIRECT_OBJC_ISA_USAGE = YES_ERROR;
				CLANG_WARN_DOCUMENTATION_COMMENTS = YES;
				CLANG_WARN_EMPTY_BODY = YES;
				CLANG_WARN_ENUM_CONVERSION = YES;
				CLANG_WARN_INFINITE_RECURSION = YES;
				CLANG_WARN_INT_CONVERSION = YES;
				CLANG_WARN_NON_LITERAL_NULL_CONVERSION = YES;
				CLANG_WARN_OBJC_IMPLICIT_RETAIN_SELF = YES;
				CLANG_WARN_OBJC_LITERAL_CONVERSION = YES;
				CLANG_WARN_OBJC_ROOT_CLASS = YES_ERROR;
				CLANG_WARN_QUOTED_INCLUDE_IN_FRAMEWORK_HEADER = YES;
				CLANG_WARN_RANGE_LOOP_ANALYSIS = YES;
				CLANG_WARN_STRICT_PROTOTYPES = YES;
				CLANG_WARN_SUSPICIOUS_MOVE = YES;
				CLANG_WARN_UNGUARDED_AVAILABILITY = YES_AGGRESSIVE;
				CLANG_WARN_UNREACHABLE_CODE = YES;
				CLANG_WARN__DUPLICATE_METHOD_MATCH = YES;
				COPY_PHASE_STRIP = NO;
				DEBUG_INFORMATION_FORMAT = dwarf;
				ENABLE_STRICT_OBJC_MSGSEND = YES;
				ENABLE_TESTABILITY = YES;
				ENABLE_USER_SCRIPT_SANDBOXING = YES;
				GCC_C_LANGUAGE_STANDARD = gnu17;
				GCC_DYNAMIC_NO_PIC = NO;
				GCC_NO_COMMON_BLOCKS = YES;
				GCC_OPTIMIZATION_LEVEL = 0;
				GCC_PREPROCESSOR_DEFINITIONS = (
					"DEBUG=1",
					"$(inherited)",
				);
				GCC_WARN_64_TO_32_BIT_CONVERSION = YES;
				GCC_WARN_ABOUT_RETURN_TYPE = YES_ERROR;
				GCC_WARN_UNDECLARED_SELECTOR = YES;
				GCC_WARN_UNINITIALIZED_AUTOS = YES_AGGRESSIVE;
				GCC_WARN_UNUSED_FUNCTION = YES;
				GCC_WARN_UNUSED_VARIABLE = YES;
				IPHONEOS_DEPLOYMENT_TARGET = 16.6;
				LOCALIZATION_PREFERS_STRING_CATALOGS = YES;
				MTL_ENABLE_DEBUG_INFO = INCLUDE_SOURCE;
				MTL_FAST_MATH = YES;
				ONLY_ACTIVE_ARCH = YES;
				SWIFT_ACTIVE_COMPILATION_CONDITIONS = "DEBUG $(inherited)";
				SWIFT_OPTIMIZATION_LEVEL = "-Onone";
			};
			name = Debug;
		};
		9C5F04962B86706400FCAC45 /* Release */ = {
			isa = XCBuildConfiguration;
			buildSettings = {
				ALWAYS_SEARCH_USER_PATHS = NO;
				ASSETCATALOG_COMPILER_GENERATE_SWIFT_ASSET_SYMBOL_EXTENSIONS = YES;
				CLANG_ANALYZER_NONNULL = YES;
				CLANG_ANALYZER_NUMBER_OBJECT_CONVERSION = YES_AGGRESSIVE;
				CLANG_CXX_LANGUAGE_STANDARD = "gnu++20";
				CLANG_ENABLE_MODULES = YES;
				CLANG_ENABLE_OBJC_ARC = YES;
				CLANG_ENABLE_OBJC_WEAK = YES;
				CLANG_WARN_BLOCK_CAPTURE_AUTORELEASING = YES;
				CLANG_WARN_BOOL_CONVERSION = YES;
				CLANG_WARN_COMMA = YES;
				CLANG_WARN_CONSTANT_CONVERSION = YES;
				CLANG_WARN_DEPRECATED_OBJC_IMPLEMENTATIONS = YES;
				CLANG_WARN_DIRECT_OBJC_ISA_USAGE = YES_ERROR;
				CLANG_WARN_DOCUMENTATION_COMMENTS = YES;
				CLANG_WARN_EMPTY_BODY = YES;
				CLANG_WARN_ENUM_CONVERSION = YES;
				CLANG_WARN_INFINITE_RECURSION = YES;
				CLANG_WARN_INT_CONVERSION = YES;
				CLANG_WARN_NON_LITERAL_NULL_CONVERSION = YES;
				CLANG_WARN_OBJC_IMPLICIT_RETAIN_SELF = YES;
				CLANG_WARN_OBJC_LITERAL_CONVERSION = YES;
				CLANG_WARN_OBJC_ROOT_CLASS = YES_ERROR;
				CLANG_WARN_QUOTED_INCLUDE_IN_FRAMEWORK_HEADER = YES;
				CLANG_WARN_RANGE_LOOP_ANALYSIS = YES;
				CLANG_WARN_STRICT_PROTOTYPES = YES;
				CLANG_WARN_SUSPICIOUS_MOVE = YES;
				CLANG_WARN_UNGUARDED_AVAILABILITY = YES_AGGRESSIVE;
				CLANG_WARN_UNREACHABLE_CODE = YES;
				CLANG_WARN__DUPLICATE_METHOD_MATCH = YES;
				COPY_PHASE_STRIP = NO;
				DEBUG_INFORMATION_FORMAT = "dwarf-with-dsym";
				ENABLE_NS_ASSERTIONS = NO;
				ENABLE_STRICT_OBJC_MSGSEND = YES;
				ENABLE_USER_SCRIPT_SANDBOXING = YES;
				GCC_C_LANGUAGE_STANDARD = gnu17;
				GCC_NO_COMMON_BLOCKS = YES;
				GCC_WARN_64_TO_32_BIT_CONVERSION = YES;
				GCC_WARN_ABOUT_RETURN_TYPE = YES_ERROR;
				GCC_WARN_UNDECLARED_SELECTOR = YES;
				GCC_WARN_UNINITIALIZED_AUTOS = YES_AGGRESSIVE;
				GCC_WARN_UNUSED_FUNCTION = YES;
				GCC_WARN_UNUSED_VARIABLE = YES;
				IPHONEOS_DEPLOYMENT_TARGET = 16.6;
				LOCALIZATION_PREFERS_STRING_CATALOGS = YES;
				MTL_ENABLE_DEBUG_INFO = NO;
				MTL_FAST_MATH = YES;
				SWIFT_COMPILATION_MODE = wholemodule;
			};
			name = Release;
		};
		9C5F04982B86706400FCAC45 /* Debug */ = {
			isa = XCBuildConfiguration;
			buildSettings = {
				ALWAYS_EMBED_SWIFT_STANDARD_LIBRARIES = YES;
				ASSETCATALOG_COMPILER_APPICON_NAME = AppIcon;
				ASSETCATALOG_COMPILER_GLOBAL_ACCENT_COLOR_NAME = AccentColor;
				CODE_SIGN_ENTITLEMENTS = "White Dragon/White_Dragon.entitlements";
				CODE_SIGN_STYLE = Automatic;
				CURRENT_PROJECT_VERSION = 1;
				DEVELOPMENT_ASSET_PATHS = "\"White Dragon/Preview Content\"";
				DEVELOPMENT_TEAM = 3J2B695VP9;
				ENABLE_PREVIEWS = YES;
				GENERATE_INFOPLIST_FILE = YES;
				INFOPLIST_FILE = "White-Dragon-Info.plist";
				INFOPLIST_KEY_CFBundleDisplayName = "White Dragon";
				INFOPLIST_KEY_LSApplicationCategoryType = "public.app-category.education";
				"INFOPLIST_KEY_UIApplicationSceneManifest_Generation[sdk=iphoneos*]" = YES;
				"INFOPLIST_KEY_UIApplicationSceneManifest_Generation[sdk=iphonesimulator*]" = YES;
				"INFOPLIST_KEY_UIApplicationSupportsIndirectInputEvents[sdk=iphoneos*]" = YES;
				"INFOPLIST_KEY_UIApplicationSupportsIndirectInputEvents[sdk=iphonesimulator*]" = YES;
				"INFOPLIST_KEY_UILaunchScreen_Generation[sdk=iphoneos*]" = YES;
				"INFOPLIST_KEY_UILaunchScreen_Generation[sdk=iphonesimulator*]" = YES;
				"INFOPLIST_KEY_UIStatusBarStyle[sdk=iphoneos*]" = UIStatusBarStyleDefault;
				"INFOPLIST_KEY_UIStatusBarStyle[sdk=iphonesimulator*]" = UIStatusBarStyleDefault;
				INFOPLIST_KEY_UISupportedInterfaceOrientations_iPad = "UIInterfaceOrientationPortrait UIInterfaceOrientationPortraitUpsideDown UIInterfaceOrientationLandscapeLeft UIInterfaceOrientationLandscapeRight";
				INFOPLIST_KEY_UISupportedInterfaceOrientations_iPhone = "UIInterfaceOrientationPortrait UIInterfaceOrientationLandscapeLeft UIInterfaceOrientationLandscapeRight";
				IPHONEOS_DEPLOYMENT_TARGET = 16.6;
				LD_RUNPATH_SEARCH_PATHS = "@executable_path/Frameworks";
				"LD_RUNPATH_SEARCH_PATHS[sdk=macosx*]" = "@executable_path/../Frameworks";
				MACOSX_DEPLOYMENT_TARGET = 14.2;
				MARKETING_VERSION = 1.0;
				PRODUCT_BUNDLE_IDENTIFIER = "White-Dragon.White-Dragon";
				PRODUCT_NAME = "$(TARGET_NAME)";
				SDKROOT = auto;
				SUPPORTED_PLATFORMS = "iphoneos iphonesimulator macosx";
				SWIFT_EMIT_LOC_STRINGS = YES;
				SWIFT_VERSION = 5.0;
				TARGETED_DEVICE_FAMILY = "1,2";
			};
			name = Debug;
		};
		9C5F04992B86706400FCAC45 /* Release */ = {
			isa = XCBuildConfiguration;
			buildSettings = {
				ALWAYS_EMBED_SWIFT_STANDARD_LIBRARIES = YES;
				ASSETCATALOG_COMPILER_APPICON_NAME = AppIcon;
				ASSETCATALOG_COMPILER_GLOBAL_ACCENT_COLOR_NAME = AccentColor;
				CODE_SIGN_ENTITLEMENTS = "White Dragon/White_Dragon.entitlements";
				CODE_SIGN_STYLE = Automatic;
				CURRENT_PROJECT_VERSION = 1;
				DEVELOPMENT_ASSET_PATHS = "\"White Dragon/Preview Content\"";
				DEVELOPMENT_TEAM = 3J2B695VP9;
				ENABLE_PREVIEWS = YES;
				GENERATE_INFOPLIST_FILE = YES;
				INFOPLIST_FILE = "White-Dragon-Info.plist";
				INFOPLIST_KEY_CFBundleDisplayName = "White Dragon";
				INFOPLIST_KEY_LSApplicationCategoryType = "public.app-category.education";
				"INFOPLIST_KEY_UIApplicationSceneManifest_Generation[sdk=iphoneos*]" = YES;
				"INFOPLIST_KEY_UIApplicationSceneManifest_Generation[sdk=iphonesimulator*]" = YES;
				"INFOPLIST_KEY_UIApplicationSupportsIndirectInputEvents[sdk=iphoneos*]" = YES;
				"INFOPLIST_KEY_UIApplicationSupportsIndirectInputEvents[sdk=iphonesimulator*]" = YES;
				"INFOPLIST_KEY_UILaunchScreen_Generation[sdk=iphoneos*]" = YES;
				"INFOPLIST_KEY_UILaunchScreen_Generation[sdk=iphonesimulator*]" = YES;
				"INFOPLIST_KEY_UIStatusBarStyle[sdk=iphoneos*]" = UIStatusBarStyleDefault;
				"INFOPLIST_KEY_UIStatusBarStyle[sdk=iphonesimulator*]" = UIStatusBarStyleDefault;
				INFOPLIST_KEY_UISupportedInterfaceOrientations_iPad = "UIInterfaceOrientationPortrait UIInterfaceOrientationPortraitUpsideDown UIInterfaceOrientationLandscapeLeft UIInterfaceOrientationLandscapeRight";
				INFOPLIST_KEY_UISupportedInterfaceOrientations_iPhone = "UIInterfaceOrientationPortrait UIInterfaceOrientationLandscapeLeft UIInterfaceOrientationLandscapeRight";
				IPHONEOS_DEPLOYMENT_TARGET = 16.6;
				LD_RUNPATH_SEARCH_PATHS = "@executable_path/Frameworks";
				"LD_RUNPATH_SEARCH_PATHS[sdk=macosx*]" = "@executable_path/../Frameworks";
				MACOSX_DEPLOYMENT_TARGET = 14.2;
				MARKETING_VERSION = 1.0;
				PRODUCT_BUNDLE_IDENTIFIER = "White-Dragon.White-Dragon";
				PRODUCT_NAME = "$(TARGET_NAME)";
				SDKROOT = auto;
				SUPPORTED_PLATFORMS = "iphoneos iphonesimulator macosx";
				SWIFT_EMIT_LOC_STRINGS = YES;
				SWIFT_VERSION = 5.0;
				TARGETED_DEVICE_FAMILY = "1,2";
			};
			name = Release;
		};
		9C5F049B2B86706400FCAC45 /* Debug */ = {
			isa = XCBuildConfiguration;
			buildSettings = {
				ALWAYS_EMBED_SWIFT_STANDARD_LIBRARIES = YES;
				BUNDLE_LOADER = "$(TEST_HOST)";
				CODE_SIGN_STYLE = Automatic;
				CURRENT_PROJECT_VERSION = 1;
				GENERATE_INFOPLIST_FILE = YES;
				IPHONEOS_DEPLOYMENT_TARGET = 17.2;
				MACOSX_DEPLOYMENT_TARGET = 14.2;
				MARKETING_VERSION = 1.0;
				PRODUCT_BUNDLE_IDENTIFIER = "White-Dragon.White-DragonTests";
				PRODUCT_NAME = "$(TARGET_NAME)";
				SDKROOT = auto;
				SUPPORTED_PLATFORMS = "iphoneos iphonesimulator macosx";
				SWIFT_EMIT_LOC_STRINGS = NO;
				SWIFT_VERSION = 5.0;
				TARGETED_DEVICE_FAMILY = "1,2";
				TEST_HOST = "$(BUILT_PRODUCTS_DIR)/White Dragon.app/$(BUNDLE_EXECUTABLE_FOLDER_PATH)/White Dragon";
			};
			name = Debug;
		};
		9C5F049C2B86706400FCAC45 /* Release */ = {
			isa = XCBuildConfiguration;
			buildSettings = {
				ALWAYS_EMBED_SWIFT_STANDARD_LIBRARIES = YES;
				BUNDLE_LOADER = "$(TEST_HOST)";
				CODE_SIGN_STYLE = Automatic;
				CURRENT_PROJECT_VERSION = 1;
				GENERATE_INFOPLIST_FILE = YES;
				IPHONEOS_DEPLOYMENT_TARGET = 17.2;
				MACOSX_DEPLOYMENT_TARGET = 14.2;
				MARKETING_VERSION = 1.0;
				PRODUCT_BUNDLE_IDENTIFIER = "White-Dragon.White-DragonTests";
				PRODUCT_NAME = "$(TARGET_NAME)";
				SDKROOT = auto;
				SUPPORTED_PLATFORMS = "iphoneos iphonesimulator macosx";
				SWIFT_EMIT_LOC_STRINGS = NO;
				SWIFT_VERSION = 5.0;
				TARGETED_DEVICE_FAMILY = "1,2";
				TEST_HOST = "$(BUILT_PRODUCTS_DIR)/White Dragon.app/$(BUNDLE_EXECUTABLE_FOLDER_PATH)/White Dragon";
			};
			name = Release;
		};
		9C5F049E2B86706400FCAC45 /* Debug */ = {
			isa = XCBuildConfiguration;
			buildSettings = {
				ALWAYS_EMBED_SWIFT_STANDARD_LIBRARIES = YES;
				CODE_SIGN_STYLE = Automatic;
				CURRENT_PROJECT_VERSION = 1;
				GENERATE_INFOPLIST_FILE = YES;
				IPHONEOS_DEPLOYMENT_TARGET = 17.2;
				MACOSX_DEPLOYMENT_TARGET = 14.2;
				MARKETING_VERSION = 1.0;
				PRODUCT_BUNDLE_IDENTIFIER = "White-Dragon.White-DragonUITests";
				PRODUCT_NAME = "$(TARGET_NAME)";
				SDKROOT = auto;
				SUPPORTED_PLATFORMS = "iphoneos iphonesimulator macosx";
				SWIFT_EMIT_LOC_STRINGS = NO;
				SWIFT_VERSION = 5.0;
				TARGETED_DEVICE_FAMILY = "1,2";
				TEST_TARGET_NAME = "White Dragon";
			};
			name = Debug;
		};
		9C5F049F2B86706400FCAC45 /* Release */ = {
			isa = XCBuildConfiguration;
			buildSettings = {
				ALWAYS_EMBED_SWIFT_STANDARD_LIBRARIES = YES;
				CODE_SIGN_STYLE = Automatic;
				CURRENT_PROJECT_VERSION = 1;
				GENERATE_INFOPLIST_FILE = YES;
				IPHONEOS_DEPLOYMENT_TARGET = 17.2;
				MACOSX_DEPLOYMENT_TARGET = 14.2;
				MARKETING_VERSION = 1.0;
				PRODUCT_BUNDLE_IDENTIFIER = "White-Dragon.White-DragonUITests";
				PRODUCT_NAME = "$(TARGET_NAME)";
				SDKROOT = auto;
				SUPPORTED_PLATFORMS = "iphoneos iphonesimulator macosx";
				SWIFT_EMIT_LOC_STRINGS = NO;
				SWIFT_VERSION = 5.0;
				TARGETED_DEVICE_FAMILY = "1,2";
				TEST_TARGET_NAME = "White Dragon";
			};
			name = Release;
		};
		9C6823762B8717B100CA8445 /* Debug */ = {
			isa = XCBuildConfiguration;
			buildSettings = {
				CODE_SIGN_ENTITLEMENTS = speedtest/speedtest.entitlements;
				CODE_SIGN_STYLE = Automatic;
				CURRENT_PROJECT_VERSION = 1;
				DEVELOPMENT_TEAM = 3J2B695VP9;
				GENERATE_INFOPLIST_FILE = YES;
				INFOPLIST_FILE = speedtest/Info.plist;
				INFOPLIST_KEY_CFBundleDisplayName = speedtest;
				INFOPLIST_KEY_NSHumanReadableCopyright = "";
				IPHONEOS_DEPLOYMENT_TARGET = 17.2;
				LD_RUNPATH_SEARCH_PATHS = (
					"$(inherited)",
					"@executable_path/Frameworks",
					"@executable_path/../../Frameworks",
				);
				MARKETING_VERSION = 1.0;
				PRODUCT_BUNDLE_IDENTIFIER = "White-Dragon.White-Dragon.speedtest";
				PRODUCT_NAME = "$(TARGET_NAME)";
				SDKROOT = iphoneos;
				SKIP_INSTALL = YES;
				SWIFT_EMIT_LOC_STRINGS = YES;
				SWIFT_VERSION = 5.0;
				TARGETED_DEVICE_FAMILY = "1,2";
			};
			name = Debug;
		};
		9C6823772B8717B100CA8445 /* Release */ = {
			isa = XCBuildConfiguration;
			buildSettings = {
				CODE_SIGN_ENTITLEMENTS = speedtest/speedtest.entitlements;
				CODE_SIGN_STYLE = Automatic;
				CURRENT_PROJECT_VERSION = 1;
				DEVELOPMENT_TEAM = 3J2B695VP9;
				GENERATE_INFOPLIST_FILE = YES;
				INFOPLIST_FILE = speedtest/Info.plist;
				INFOPLIST_KEY_CFBundleDisplayName = speedtest;
				INFOPLIST_KEY_NSHumanReadableCopyright = "";
				IPHONEOS_DEPLOYMENT_TARGET = 17.2;
				LD_RUNPATH_SEARCH_PATHS = (
					"$(inherited)",
					"@executable_path/Frameworks",
					"@executable_path/../../Frameworks",
				);
				MARKETING_VERSION = 1.0;
				PRODUCT_BUNDLE_IDENTIFIER = "White-Dragon.White-Dragon.speedtest";
				PRODUCT_NAME = "$(TARGET_NAME)";
				SDKROOT = iphoneos;
				SKIP_INSTALL = YES;
				SWIFT_EMIT_LOC_STRINGS = YES;
				SWIFT_VERSION = 5.0;
				TARGETED_DEVICE_FAMILY = "1,2";
				VALIDATE_PRODUCT = YES;
			};
			name = Release;
		};
/* End XCBuildConfiguration section */

/* Begin XCConfigurationList section */
		9C5F046D2B86706200FCAC45 /* Build configuration list for PBXProject "White Dragon" */ = {
			isa = XCConfigurationList;
			buildConfigurations = (
				9C5F04952B86706400FCAC45 /* Debug */,
				9C5F04962B86706400FCAC45 /* Release */,
			);
			defaultConfigurationIsVisible = 0;
			defaultConfigurationName = Release;
		};
		9C5F04972B86706400FCAC45 /* Build configuration list for PBXNativeTarget "White Dragon" */ = {
			isa = XCConfigurationList;
			buildConfigurations = (
				9C5F04982B86706400FCAC45 /* Debug */,
				9C5F04992B86706400FCAC45 /* Release */,
			);
			defaultConfigurationIsVisible = 0;
			defaultConfigurationName = Release;
		};
		9C5F049A2B86706400FCAC45 /* Build configuration list for PBXNativeTarget "White DragonTests" */ = {
			isa = XCConfigurationList;
			buildConfigurations = (
				9C5F049B2B86706400FCAC45 /* Debug */,
				9C5F049C2B86706400FCAC45 /* Release */,
			);
			defaultConfigurationIsVisible = 0;
			defaultConfigurationName = Release;
		};
		9C5F049D2B86706400FCAC45 /* Build configuration list for PBXNativeTarget "White DragonUITests" */ = {
			isa = XCConfigurationList;
			buildConfigurations = (
				9C5F049E2B86706400FCAC45 /* Debug */,
				9C5F049F2B86706400FCAC45 /* Release */,
			);
			defaultConfigurationIsVisible = 0;
			defaultConfigurationName = Release;
		};
		9C6823782B8717B100CA8445 /* Build configuration list for PBXNativeTarget "speedtest" */ = {
			isa = XCConfigurationList;
			buildConfigurations = (
				9C6823762B8717B100CA8445 /* Debug */,
				9C6823772B8717B100CA8445 /* Release */,
			);
			defaultConfigurationIsVisible = 0;
			defaultConfigurationName = Release;
		};
/* End XCConfigurationList section */
	};
	rootObject = 9C5F046A2B86706200FCAC45 /* Project object */;
}
